PODS:
  - CalculateCalendarLogic (0.3.0)
  - FSCalendar (2.8.1)

DEPENDENCIES:
  - CalculateCalendarLogic
  - FSCalendar

SPEC REPOS:
  trunk:
    - CalculateCalendarLogic
    - FSCalendar

SPEC CHECKSUMS:
  CalculateCalendarLogic: cd5b2c706a8628bb924c5ee9d05c4f61bdbaf390
  FSCalendar: 5245140456fcbcac5824c203b98bd8068bdfee1a

PODFILE CHECKSUM: 4cfa2e238a2b13ec405c12975b7df2c592d9d8c7

COCOAPODS: 1.9.3
