// !$*UTF8*$!
{
	archiveVersion = 1;
	classes = {
	};
	objectVersion = 51;
	objects = {

/* Begin PBXBuildFile section */
		10C5169E2E7717B34B62E669 /* Pods_Calendar_CalendarUITests.framework in Frameworks */ = {isa = PBXBuildFile; fileRef = CB69253A99D77FA8896C6913 /* Pods_Calendar_CalendarUITests.framework */; };
		2D1BFE5924E0E1130014014D /* EventViewController.swift in Sources */ = {isa = PBXBuildFile; fileRef = 2D1BFE5824E0E1130014014D /* EventViewController.swift */; };
		2D49A57224DAF26200BCA894 /* AppDelegate.swift in Sources */ = {isa = PBXBuildFile; fileRef = 2D49A57124DAF26200BCA894 /* AppDelegate.swift */; };
		2D49A57424DAF26200BCA894 /* SceneDelegate.swift in Sources */ = {isa = PBXBuildFile; fileRef = 2D49A57324DAF26200BCA894 /* SceneDelegate.swift */; };
		2D49A57624DAF26200BCA894 /* ViewController.swift in Sources */ = {isa = PBXBuildFile; fileRef = 2D49A57524DAF26200BCA894 /* ViewController.swift */; };
		2D49A57924DAF26200BCA894 /* Main.storyboard in Resources */ = {isa = PBXBuildFile; fileRef = 2D49A57724DAF26200BCA894 /* Main.storyboard */; };
		2D49A57B24DAF26600BCA894 /* Assets.xcassets in Resources */ = {isa = PBXBuildFile; fileRef = 2D49A57A24DAF26600BCA894 /* Assets.xcassets */; };
		2D49A57E24DAF26600BCA894 /* LaunchScreen.storyboard in Resources */ = {isa = PBXBuildFile; fileRef = 2D49A57C24DAF26600BCA894 /* LaunchScreen.storyboard */; };
		2D49A58924DAF26600BCA894 /* CalendarTests.swift in Sources */ = {isa = PBXBuildFile; fileRef = 2D49A58824DAF26600BCA894 /* CalendarTests.swift */; };
		2D49A59424DAF26600BCA894 /* CalendarUITests.swift in Sources */ = {isa = PBXBuildFile; fileRef = 2D49A59324DAF26600BCA894 /* CalendarUITests.swift */; };
		76EEFE4AE777DD3F05992D02 /* Pods_CalendarTests.framework in Frameworks */ = {isa = PBXBuildFile; fileRef = 2DFB8BB67057EFB654ED4A13 /* Pods_CalendarTests.framework */; };
		9F1B02B524DBC6DA0084A2B2 /* GoogleService-Info.plist in Resources */ = {isa = PBXBuildFile; fileRef = 9F1B02B424DBC6DA0084A2B2 /* GoogleService-Info.plist */; };
		9F1B02B724DBC6EB0084A2B2 /* GoogleService-Info.plist in Resources */ = {isa = PBXBuildFile; fileRef = 9F1B02B624DBC6EB0084A2B2 /* GoogleService-Info.plist */; };
		9F1B02B924DBC6EF0084A2B2 /* GoogleService-Info.plist in Resources */ = {isa = PBXBuildFile; fileRef = 9F1B02B824DBC6EF0084A2B2 /* GoogleService-Info.plist */; };
		9F1B02C524DBEC0E0084A2B2 /* UserViewController.swift in Sources */ = {isa = PBXBuildFile; fileRef = 9F1B02C424DBEC0E0084A2B2 /* UserViewController.swift */; };
		9F1B02C724DE5E650084A2B2 /* AuthViewController.swift in Sources */ = {isa = PBXBuildFile; fileRef = 9F1B02C624DE5E650084A2B2 /* AuthViewController.swift */; };
		9FECA13E24E1075500F8FF82 /* SearchViewController.swift in Sources */ = {isa = PBXBuildFile; fileRef = 9FECA13D24E1075500F8FF82 /* SearchViewController.swift */; };
		AED1666BDD6867213D1BBA29 /* Pods_Calendar.framework in Frameworks */ = {isa = PBXBuildFile; fileRef = 97F04CE959F3A58EB6283AA2 /* Pods_Calendar.framework */; };
/* End PBXBuildFile section */

/* Begin PBXContainerItemProxy section */
		2D49A58524DAF26600BCA894 /* PBXContainerItemProxy */ = {
			isa = PBXContainerItemProxy;
			containerPortal = 2D49A56624DAF26200BCA894 /* Project object */;
			proxyType = 1;
			remoteGlobalIDString = 2D49A56D24DAF26200BCA894;
			remoteInfo = Calendar;
		};
		2D49A59024DAF26600BCA894 /* PBXContainerItemProxy */ = {
			isa = PBXContainerItemProxy;
			containerPortal = 2D49A56624DAF26200BCA894 /* Project object */;
			proxyType = 1;
			remoteGlobalIDString = 2D49A56D24DAF26200BCA894;
			remoteInfo = Calendar;
		};
/* End PBXContainerItemProxy section */

/* Begin PBXFileReference section */
		18585D0365E4CCFC8B09FDA1 /* Pods-CalendarTests.debug.xcconfig */ = {isa = PBXFileReference; includeInIndex = 1; lastKnownFileType = text.xcconfig; name = "Pods-CalendarTests.debug.xcconfig"; path = "Target Support Files/Pods-CalendarTests/Pods-CalendarTests.debug.xcconfig"; sourceTree = "<group>"; };
		2D1BFE5824E0E1130014014D /* EventViewController.swift */ = {isa = PBXFileReference; lastKnownFileType = sourcecode.swift; path = EventViewController.swift; sourceTree = "<group>"; };
		2D49A56E24DAF26200BCA894 /* Calendar.app */ = {isa = PBXFileReference; explicitFileType = wrapper.application; includeInIndex = 0; path = Calendar.app; sourceTree = BUILT_PRODUCTS_DIR; };
		2D49A57124DAF26200BCA894 /* AppDelegate.swift */ = {isa = PBXFileReference; lastKnownFileType = sourcecode.swift; path = AppDelegate.swift; sourceTree = "<group>"; };
		2D49A57324DAF26200BCA894 /* SceneDelegate.swift */ = {isa = PBXFileReference; lastKnownFileType = sourcecode.swift; path = SceneDelegate.swift; sourceTree = "<group>"; };
		2D49A57524DAF26200BCA894 /* ViewController.swift */ = {isa = PBXFileReference; lastKnownFileType = sourcecode.swift; path = ViewController.swift; sourceTree = "<group>"; };
		2D49A57824DAF26200BCA894 /* Base */ = {isa = PBXFileReference; lastKnownFileType = file.storyboard; name = Base; path = Base.lproj/Main.storyboard; sourceTree = "<group>"; };
		2D49A57A24DAF26600BCA894 /* Assets.xcassets */ = {isa = PBXFileReference; lastKnownFileType = folder.assetcatalog; path = Assets.xcassets; sourceTree = "<group>"; };
		2D49A57D24DAF26600BCA894 /* Base */ = {isa = PBXFileReference; lastKnownFileType = file.storyboard; name = Base; path = Base.lproj/LaunchScreen.storyboard; sourceTree = "<group>"; };
		2D49A58424DAF26600BCA894 /* CalendarTests.xctest */ = {isa = PBXFileReference; explicitFileType = wrapper.cfbundle; includeInIndex = 0; path = CalendarTests.xctest; sourceTree = BUILT_PRODUCTS_DIR; };
		2D49A58824DAF26600BCA894 /* CalendarTests.swift */ = {isa = PBXFileReference; lastKnownFileType = sourcecode.swift; path = CalendarTests.swift; sourceTree = "<group>"; };
		2D49A58F24DAF26600BCA894 /* CalendarUITests.xctest */ = {isa = PBXFileReference; explicitFileType = wrapper.cfbundle; includeInIndex = 0; path = CalendarUITests.xctest; sourceTree = BUILT_PRODUCTS_DIR; };
		2D49A59324DAF26600BCA894 /* CalendarUITests.swift */ = {isa = PBXFileReference; lastKnownFileType = sourcecode.swift; path = CalendarUITests.swift; sourceTree = "<group>"; };
		2D9B4C21F0184AB0DD2FC1A6 /* Pods-CalendarTests.release.xcconfig */ = {isa = PBXFileReference; includeInIndex = 1; lastKnownFileType = text.xcconfig; name = "Pods-CalendarTests.release.xcconfig"; path = "Target Support Files/Pods-CalendarTests/Pods-CalendarTests.release.xcconfig"; sourceTree = "<group>"; };
		2DFB8BB67057EFB654ED4A13 /* Pods_CalendarTests.framework */ = {isa = PBXFileReference; explicitFileType = wrapper.framework; includeInIndex = 0; path = Pods_CalendarTests.framework; sourceTree = BUILT_PRODUCTS_DIR; };
		628834F0DD2B468D18CECDA1 /* Pods-Calendar-CalendarUITests.release.xcconfig */ = {isa = PBXFileReference; includeInIndex = 1; lastKnownFileType = text.xcconfig; name = "Pods-Calendar-CalendarUITests.release.xcconfig"; path = "Target Support Files/Pods-Calendar-CalendarUITests/Pods-Calendar-CalendarUITests.release.xcconfig"; sourceTree = "<group>"; };
		8640D045536AD9A4789301C0 /* Pods-Calendar.release.xcconfig */ = {isa = PBXFileReference; includeInIndex = 1; lastKnownFileType = text.xcconfig; name = "Pods-Calendar.release.xcconfig"; path = "Target Support Files/Pods-Calendar/Pods-Calendar.release.xcconfig"; sourceTree = "<group>"; };
		97F04CE959F3A58EB6283AA2 /* Pods_Calendar.framework */ = {isa = PBXFileReference; explicitFileType = wrapper.framework; includeInIndex = 0; path = Pods_Calendar.framework; sourceTree = BUILT_PRODUCTS_DIR; };
		9F1B02B424DBC6DA0084A2B2 /* GoogleService-Info.plist */ = {isa = PBXFileReference; fileEncoding = 4; lastKnownFileType = text.plist.xml; name = "GoogleService-Info.plist"; path = "../../../Downloads/GoogleService-Info.plist"; sourceTree = "<group>"; };
		9F1B02B624DBC6EB0084A2B2 /* GoogleService-Info.plist */ = {isa = PBXFileReference; fileEncoding = 4; lastKnownFileType = text.plist.xml; name = "GoogleService-Info.plist"; path = "../../../Downloads/GoogleService-Info.plist"; sourceTree = "<group>"; };
		9F1B02B824DBC6EF0084A2B2 /* GoogleService-Info.plist */ = {isa = PBXFileReference; fileEncoding = 4; lastKnownFileType = text.plist.xml; name = "GoogleService-Info.plist"; path = "../../../Downloads/GoogleService-Info.plist"; sourceTree = "<group>"; };
		9F1B02C424DBEC0E0084A2B2 /* UserViewController.swift */ = {isa = PBXFileReference; lastKnownFileType = sourcecode.swift; path = UserViewController.swift; sourceTree = "<group>"; };
		9F1B02C624DE5E650084A2B2 /* AuthViewController.swift */ = {isa = PBXFileReference; lastKnownFileType = sourcecode.swift; path = AuthViewController.swift; sourceTree = "<group>"; };
		9FECA13D24E1075500F8FF82 /* SearchViewController.swift */ = {isa = PBXFileReference; lastKnownFileType = sourcecode.swift; path = SearchViewController.swift; sourceTree = "<group>"; };
		CB69253A99D77FA8896C6913 /* Pods_Calendar_CalendarUITests.framework */ = {isa = PBXFileReference; explicitFileType = wrapper.framework; includeInIndex = 0; path = Pods_Calendar_CalendarUITests.framework; sourceTree = BUILT_PRODUCTS_DIR; };
		CDB64E0964B466BDEA1177FE /* Pods-Calendar.debug.xcconfig */ = {isa = PBXFileReference; includeInIndex = 1; lastKnownFileType = text.xcconfig; name = "Pods-Calendar.debug.xcconfig"; path = "Target Support Files/Pods-Calendar/Pods-Calendar.debug.xcconfig"; sourceTree = "<group>"; };
		F4C67018428A2766115CA8B5 /* Pods-Calendar-CalendarUITests.debug.xcconfig */ = {isa = PBXFileReference; includeInIndex = 1; lastKnownFileType = text.xcconfig; name = "Pods-Calendar-CalendarUITests.debug.xcconfig"; path = "Target Support Files/Pods-Calendar-CalendarUITests/Pods-Calendar-CalendarUITests.debug.xcconfig"; sourceTree = "<group>"; };
/* End PBXFileReference section */

/* Begin PBXFrameworksBuildPhase section */
		2D49A56B24DAF26200BCA894 /* Frameworks */ = {
			isa = PBXFrameworksBuildPhase;
			buildActionMask = 2147483647;
			files = (
				AED1666BDD6867213D1BBA29 /* Pods_Calendar.framework in Frameworks */,
			);
			runOnlyForDeploymentPostprocessing = 0;
		};
		2D49A58124DAF26600BCA894 /* Frameworks */ = {
			isa = PBXFrameworksBuildPhase;
			buildActionMask = 2147483647;
			files = (
				76EEFE4AE777DD3F05992D02 /* Pods_CalendarTests.framework in Frameworks */,
			);
			runOnlyForDeploymentPostprocessing = 0;
		};
		2D49A58C24DAF26600BCA894 /* Frameworks */ = {
			isa = PBXFrameworksBuildPhase;
			buildActionMask = 2147483647;
			files = (
				10C5169E2E7717B34B62E669 /* Pods_Calendar_CalendarUITests.framework in Frameworks */,
			);
			runOnlyForDeploymentPostprocessing = 0;
		};
/* End PBXFrameworksBuildPhase section */

/* Begin PBXGroup section */
		1DEBB2DAFE721B293EEEF366 /* Pods */ = {
			isa = PBXGroup;
			children = (
				CDB64E0964B466BDEA1177FE /* Pods-Calendar.debug.xcconfig */,
				8640D045536AD9A4789301C0 /* Pods-Calendar.release.xcconfig */,
				F4C67018428A2766115CA8B5 /* Pods-Calendar-CalendarUITests.debug.xcconfig */,
				628834F0DD2B468D18CECDA1 /* Pods-Calendar-CalendarUITests.release.xcconfig */,
				18585D0365E4CCFC8B09FDA1 /* Pods-CalendarTests.debug.xcconfig */,
				2D9B4C21F0184AB0DD2FC1A6 /* Pods-CalendarTests.release.xcconfig */,
			);
			path = Pods;
			sourceTree = "<group>";
		};
		2D49A56524DAF26200BCA894 = {
			isa = PBXGroup;
			children = (
				2D49A57024DAF26200BCA894 /* Calendar */,
				2D49A58724DAF26600BCA894 /* CalendarTests */,
				2D49A59224DAF26600BCA894 /* CalendarUITests */,
				2D49A56F24DAF26200BCA894 /* Products */,
				1DEBB2DAFE721B293EEEF366 /* Pods */,
				A33245BAB19652AD25D56667 /* Frameworks */,
			);
			sourceTree = "<group>";
		};
		2D49A56F24DAF26200BCA894 /* Products */ = {
			isa = PBXGroup;
			children = (
				2D49A56E24DAF26200BCA894 /* Calendar.app */,
				2D49A58424DAF26600BCA894 /* CalendarTests.xctest */,
				2D49A58F24DAF26600BCA894 /* CalendarUITests.xctest */,
			);
			name = Products;
			sourceTree = "<group>";
		};
		2D49A57024DAF26200BCA894 /* Calendar */ = {
			isa = PBXGroup;
			children = (
				2D49A57124DAF26200BCA894 /* AppDelegate.swift */,
				2D49A57324DAF26200BCA894 /* SceneDelegate.swift */,
				2D49A57524DAF26200BCA894 /* ViewController.swift */,
				9F1B02C424DBEC0E0084A2B2 /* UserViewController.swift */,
				2D49A57724DAF26200BCA894 /* Main.storyboard */,
				9FECA13D24E1075500F8FF82 /* SearchViewController.swift */,
				9F1B02C624DE5E650084A2B2 /* AuthViewController.swift */,
				2D49A57C24DAF26600BCA894 /* LaunchScreen.storyboard */,
				9F1B02B424DBC6DA0084A2B2 /* GoogleService-Info.plist */,
				2D49A57A24DAF26600BCA894 /* Assets.xcassets */,
				2D1BFE5824E0E1130014014D /* EventViewController.swift */,
			);
			path = Calendar;
			sourceTree = "<group>";
		};
		2D49A58724DAF26600BCA894 /* CalendarTests */ = {
			isa = PBXGroup;
			children = (
				2D49A58824DAF26600BCA894 /* CalendarTests.swift */,
				9F1B02B624DBC6EB0084A2B2 /* GoogleService-Info.plist */,
			);
			path = CalendarTests;
			sourceTree = "<group>";
		};
		2D49A59224DAF26600BCA894 /* CalendarUITests */ = {
			isa = PBXGroup;
			children = (
				2D49A59324DAF26600BCA894 /* CalendarUITests.swift */,
				9F1B02B824DBC6EF0084A2B2 /* GoogleService-Info.plist */,
			);
			path = CalendarUITests;
			sourceTree = "<group>";
		};
		A33245BAB19652AD25D56667 /* Frameworks */ = {
			isa = PBXGroup;
			children = (
				97F04CE959F3A58EB6283AA2 /* Pods_Calendar.framework */,
				CB69253A99D77FA8896C6913 /* Pods_Calendar_CalendarUITests.framework */,
				2DFB8BB67057EFB654ED4A13 /* Pods_CalendarTests.framework */,
			);
			name = Frameworks;
			sourceTree = "<group>";
		};
/* End PBXGroup section */

/* Begin PBXNativeTarget section */
		2D49A56D24DAF26200BCA894 /* Calendar */ = {
			isa = PBXNativeTarget;
			buildConfigurationList = 2D49A59824DAF26600BCA894 /* Build configuration list for PBXNativeTarget "Calendar" */;
			buildPhases = (
				148DD2FA4CFC722553598192 /* [CP] Check Pods Manifest.lock */,
				2D49A56A24DAF26200BCA894 /* Sources */,
				2D49A56B24DAF26200BCA894 /* Frameworks */,
				2D49A56C24DAF26200BCA894 /* Resources */,
				50D5D70C5C5849A32CE56801 /* [CP] Embed Pods Frameworks */,
				5B3E35DD088C1C7C6B2D078B /* [CP] Copy Pods Resources */,
			);
			buildRules = (
			);
			dependencies = (
			);
			name = Calendar;
			productName = Calendar;
			productReference = 2D49A56E24DAF26200BCA894 /* Calendar.app */;
			productType = "com.apple.product-type.application";
		};
		2D49A58324DAF26600BCA894 /* CalendarTests */ = {
			isa = PBXNativeTarget;
			buildConfigurationList = 2D49A59B24DAF26600BCA894 /* Build configuration list for PBXNativeTarget "CalendarTests" */;
			buildPhases = (
				0A5EAA5CCABE45C73B487EF0 /* [CP] Check Pods Manifest.lock */,
				2D49A58024DAF26600BCA894 /* Sources */,
				2D49A58124DAF26600BCA894 /* Frameworks */,
				2D49A58224DAF26600BCA894 /* Resources */,
			);
			buildRules = (
			);
			dependencies = (
				2D49A58624DAF26600BCA894 /* PBXTargetDependency */,
			);
			name = CalendarTests;
			productName = CalendarTests;
			productReference = 2D49A58424DAF26600BCA894 /* CalendarTests.xctest */;
			productType = "com.apple.product-type.bundle.unit-test";
		};
		2D49A58E24DAF26600BCA894 /* CalendarUITests */ = {
			isa = PBXNativeTarget;
			buildConfigurationList = 2D49A59E24DAF26600BCA894 /* Build configuration list for PBXNativeTarget "CalendarUITests" */;
			buildPhases = (
				05D223FC99AC406071C6AF49 /* [CP] Check Pods Manifest.lock */,
				2D49A58B24DAF26600BCA894 /* Sources */,
				2D49A58C24DAF26600BCA894 /* Frameworks */,
				2D49A58D24DAF26600BCA894 /* Resources */,
				CF1DEC4166002A324F005B96 /* [CP] Embed Pods Frameworks */,
				D38163B08938736A2CD93CD5 /* [CP] Copy Pods Resources */,
			);
			buildRules = (
			);
			dependencies = (
				2D49A59124DAF26600BCA894 /* PBXTargetDependency */,
			);
			name = CalendarUITests;
			productName = CalendarUITests;
			productReference = 2D49A58F24DAF26600BCA894 /* CalendarUITests.xctest */;
			productType = "com.apple.product-type.bundle.ui-testing";
		};
/* End PBXNativeTarget section */

/* Begin PBXProject section */
		2D49A56624DAF26200BCA894 /* Project object */ = {
			isa = PBXProject;
			attributes = {
				LastSwiftUpdateCheck = 1160;
				LastUpgradeCheck = 1160;
				ORGANIZATIONNAME = "矢羽野";
				TargetAttributes = {
					2D49A56D24DAF26200BCA894 = {
						CreatedOnToolsVersion = 11.6;
					};
					2D49A58324DAF26600BCA894 = {
						CreatedOnToolsVersion = 11.6;
						TestTargetID = 2D49A56D24DAF26200BCA894;
					};
					2D49A58E24DAF26600BCA894 = {
						CreatedOnToolsVersion = 11.6;
						TestTargetID = 2D49A56D24DAF26200BCA894;
					};
				};
			};
			buildConfigurationList = 2D49A56924DAF26200BCA894 /* Build configuration list for PBXProject "Calendar" */;
			compatibilityVersion = "Xcode 9.3";
			developmentRegion = en;
			hasScannedForEncodings = 0;
			knownRegions = (
				en,
				Base,
			);
			mainGroup = 2D49A56524DAF26200BCA894;
			productRefGroup = 2D49A56F24DAF26200BCA894 /* Products */;
			projectDirPath = "";
			projectRoot = "";
			targets = (
				2D49A56D24DAF26200BCA894 /* Calendar */,
				2D49A58324DAF26600BCA894 /* CalendarTests */,
				2D49A58E24DAF26600BCA894 /* CalendarUITests */,
			);
		};
/* End PBXProject section */

/* Begin PBXResourcesBuildPhase section */
		2D49A56C24DAF26200BCA894 /* Resources */ = {
			isa = PBXResourcesBuildPhase;
			buildActionMask = 2147483647;
			files = (
				2D49A57E24DAF26600BCA894 /* LaunchScreen.storyboard in Resources */,
				9F1B02B524DBC6DA0084A2B2 /* GoogleService-Info.plist in Resources */,
				2D49A57B24DAF26600BCA894 /* Assets.xcassets in Resources */,
				2D49A57924DAF26200BCA894 /* Main.storyboard in Resources */,
			);
			runOnlyForDeploymentPostprocessing = 0;
		};
		2D49A58224DAF26600BCA894 /* Resources */ = {
			isa = PBXResourcesBuildPhase;
			buildActionMask = 2147483647;
			files = (
				9F1B02B724DBC6EB0084A2B2 /* GoogleService-Info.plist in Resources */,
			);
			runOnlyForDeploymentPostprocessing = 0;
		};
		2D49A58D24DAF26600BCA894 /* Resources */ = {
			isa = PBXResourcesBuildPhase;
			buildActionMask = 2147483647;
			files = (
				9F1B02B924DBC6EF0084A2B2 /* GoogleService-Info.plist in Resources */,
			);
			runOnlyForDeploymentPostprocessing = 0;
		};
/* End PBXResourcesBuildPhase section */

/* Begin PBXShellScriptBuildPhase section */
		05D223FC99AC406071C6AF49 /* [CP] Check Pods Manifest.lock */ = {
			isa = PBXShellScriptBuildPhase;
			buildActionMask = 2147483647;
			files = (
			);
			inputFileListPaths = (
			);
			inputPaths = (
				"${PODS_PODFILE_DIR_PATH}/Podfile.lock",
				"${PODS_ROOT}/Manifest.lock",
			);
			name = "[CP] Check Pods Manifest.lock";
			outputFileListPaths = (
			);
			outputPaths = (
				"$(DERIVED_FILE_DIR)/Pods-Calendar-CalendarUITests-checkManifestLockResult.txt",
			);
			runOnlyForDeploymentPostprocessing = 0;
			shellPath = /bin/sh;
			shellScript = "diff \"${PODS_PODFILE_DIR_PATH}/Podfile.lock\" \"${PODS_ROOT}/Manifest.lock\" > /dev/null\nif [ $? != 0 ] ; then\n    # print error to STDERR\n    echo \"error: The sandbox is not in sync with the Podfile.lock. Run 'pod install' or update your CocoaPods installation.\" >&2\n    exit 1\nfi\n# This output is used by Xcode 'outputs' to avoid re-running this script phase.\necho \"SUCCESS\" > \"${SCRIPT_OUTPUT_FILE_0}\"\n";
			showEnvVarsInLog = 0;
		};
		0A5EAA5CCABE45C73B487EF0 /* [CP] Check Pods Manifest.lock */ = {
			isa = PBXShellScriptBuildPhase;
			buildActionMask = 2147483647;
			files = (
			);
			inputFileListPaths = (
			);
			inputPaths = (
				"${PODS_PODFILE_DIR_PATH}/Podfile.lock",
				"${PODS_ROOT}/Manifest.lock",
			);
			name = "[CP] Check Pods Manifest.lock";
			outputFileListPaths = (
			);
			outputPaths = (
				"$(DERIVED_FILE_DIR)/Pods-CalendarTests-checkManifestLockResult.txt",
			);
			runOnlyForDeploymentPostprocessing = 0;
			shellPath = /bin/sh;
			shellScript = "diff \"${PODS_PODFILE_DIR_PATH}/Podfile.lock\" \"${PODS_ROOT}/Manifest.lock\" > /dev/null\nif [ $? != 0 ] ; then\n    # print error to STDERR\n    echo \"error: The sandbox is not in sync with the Podfile.lock. Run 'pod install' or update your CocoaPods installation.\" >&2\n    exit 1\nfi\n# This output is used by Xcode 'outputs' to avoid re-running this script phase.\necho \"SUCCESS\" > \"${SCRIPT_OUTPUT_FILE_0}\"\n";
			showEnvVarsInLog = 0;
		};
		148DD2FA4CFC722553598192 /* [CP] Check Pods Manifest.lock */ = {
			isa = PBXShellScriptBuildPhase;
			buildActionMask = 2147483647;
			files = (
			);
			inputFileListPaths = (
			);
			inputPaths = (
				"${PODS_PODFILE_DIR_PATH}/Podfile.lock",
				"${PODS_ROOT}/Manifest.lock",
			);
			name = "[CP] Check Pods Manifest.lock";
			outputFileListPaths = (
			);
			outputPaths = (
				"$(DERIVED_FILE_DIR)/Pods-Calendar-checkManifestLockResult.txt",
			);
			runOnlyForDeploymentPostprocessing = 0;
			shellPath = /bin/sh;
			shellScript = "diff \"${PODS_PODFILE_DIR_PATH}/Podfile.lock\" \"${PODS_ROOT}/Manifest.lock\" > /dev/null\nif [ $? != 0 ] ; then\n    # print error to STDERR\n    echo \"error: The sandbox is not in sync with the Podfile.lock. Run 'pod install' or update your CocoaPods installation.\" >&2\n    exit 1\nfi\n# This output is used by Xcode 'outputs' to avoid re-running this script phase.\necho \"SUCCESS\" > \"${SCRIPT_OUTPUT_FILE_0}\"\n";
			showEnvVarsInLog = 0;
		};
		50D5D70C5C5849A32CE56801 /* [CP] Embed Pods Frameworks */ = {
			isa = PBXShellScriptBuildPhase;
			buildActionMask = 2147483647;
			files = (
			);
			inputFileListPaths = (
				"${PODS_ROOT}/Target Support Files/Pods-Calendar/Pods-Calendar-frameworks-${CONFIGURATION}-input-files.xcfilelist",
			);
			name = "[CP] Embed Pods Frameworks";
			outputFileListPaths = (
				"${PODS_ROOT}/Target Support Files/Pods-Calendar/Pods-Calendar-frameworks-${CONFIGURATION}-output-files.xcfilelist",
			);
			runOnlyForDeploymentPostprocessing = 0;
			shellPath = /bin/sh;
			shellScript = "\"${PODS_ROOT}/Target Support Files/Pods-Calendar/Pods-Calendar-frameworks.sh\"\n";
			showEnvVarsInLog = 0;
		};
		5B3E35DD088C1C7C6B2D078B /* [CP] Copy Pods Resources */ = {
			isa = PBXShellScriptBuildPhase;
			buildActionMask = 2147483647;
			files = (
			);
			inputFileListPaths = (
				"${PODS_ROOT}/Target Support Files/Pods-Calendar/Pods-Calendar-resources-${CONFIGURATION}-input-files.xcfilelist",
			);
			name = "[CP] Copy Pods Resources";
			outputFileListPaths = (
				"${PODS_ROOT}/Target Support Files/Pods-Calendar/Pods-Calendar-resources-${CONFIGURATION}-output-files.xcfilelist",
			);
			runOnlyForDeploymentPostprocessing = 0;
			shellPath = /bin/sh;
			shellScript = "\"${PODS_ROOT}/Target Support Files/Pods-Calendar/Pods-Calendar-resources.sh\"\n";
			showEnvVarsInLog = 0;
		};
		CF1DEC4166002A324F005B96 /* [CP] Embed Pods Frameworks */ = {
			isa = PBXShellScriptBuildPhase;
			buildActionMask = 2147483647;
			files = (
			);
			inputFileListPaths = (
				"${PODS_ROOT}/Target Support Files/Pods-Calendar-CalendarUITests/Pods-Calendar-CalendarUITests-frameworks-${CONFIGURATION}-input-files.xcfilelist",
			);
			name = "[CP] Embed Pods Frameworks";
			outputFileListPaths = (
				"${PODS_ROOT}/Target Support Files/Pods-Calendar-CalendarUITests/Pods-Calendar-CalendarUITests-frameworks-${CONFIGURATION}-output-files.xcfilelist",
			);
			runOnlyForDeploymentPostprocessing = 0;
			shellPath = /bin/sh;
			shellScript = "\"${PODS_ROOT}/Target Support Files/Pods-Calendar-CalendarUITests/Pods-Calendar-CalendarUITests-frameworks.sh\"\n";
			showEnvVarsInLog = 0;
		};
		D38163B08938736A2CD93CD5 /* [CP] Copy Pods Resources */ = {
			isa = PBXShellScriptBuildPhase;
			buildActionMask = 2147483647;
			files = (
			);
			inputFileListPaths = (
				"${PODS_ROOT}/Target Support Files/Pods-Calendar-CalendarUITests/Pods-Calendar-CalendarUITests-resources-${CONFIGURATION}-input-files.xcfilelist",
			);
			name = "[CP] Copy Pods Resources";
			outputFileListPaths = (
				"${PODS_ROOT}/Target Support Files/Pods-Calendar-CalendarUITests/Pods-Calendar-CalendarUITests-resources-${CONFIGURATION}-output-files.xcfilelist",
			);
			runOnlyForDeploymentPostprocessing = 0;
			shellPath = /bin/sh;
			shellScript = "\"${PODS_ROOT}/Target Support Files/Pods-Calendar-CalendarUITests/Pods-Calendar-CalendarUITests-resources.sh\"\n";
			showEnvVarsInLog = 0;
		};
/* End PBXShellScriptBuildPhase section */

/* Begin PBXSourcesBuildPhase section */
		2D49A56A24DAF26200BCA894 /* Sources */ = {
			isa = PBXSourcesBuildPhase;
			buildActionMask = 2147483647;
			files = (
				2D49A57624DAF26200BCA894 /* ViewController.swift in Sources */,
				9FECA13E24E1075500F8FF82 /* SearchViewController.swift in Sources */,
				9F1B02C524DBEC0E0084A2B2 /* UserViewController.swift in Sources */,
				9F1B02C724DE5E650084A2B2 /* AuthViewController.swift in Sources */,
				2D49A57224DAF26200BCA894 /* AppDelegate.swift in Sources */,
				2D49A57424DAF26200BCA894 /* SceneDelegate.swift in Sources */,
				2D1BFE5924E0E1130014014D /* EventViewController.swift in Sources */,
			);
			runOnlyForDeploymentPostprocessing = 0;
		};
		2D49A58024DAF26600BCA894 /* Sources */ = {
			isa = PBXSourcesBuildPhase;
			buildActionMask = 2147483647;
			files = (
				2D49A58924DAF26600BCA894 /* CalendarTests.swift in Sources */,
			);
			runOnlyForDeploymentPostprocessing = 0;
		};
		2D49A58B24DAF26600BCA894 /* Sources */ = {
			isa = PBXSourcesBuildPhase;
			buildActionMask = 2147483647;
			files = (
				2D49A59424DAF26600BCA894 /* CalendarUITests.swift in Sources */,
			);
			runOnlyForDeploymentPostprocessing = 0;
		};
/* End PBXSourcesBuildPhase section */

/* Begin PBXTargetDependency section */
		2D49A58624DAF26600BCA894 /* PBXTargetDependency */ = {
			isa = PBXTargetDependency;
			target = 2D49A56D24DAF26200BCA894 /* Calendar */;
			targetProxy = 2D49A58524DAF26600BCA894 /* PBXContainerItemProxy */;
		};
		2D49A59124DAF26600BCA894 /* PBXTargetDependency */ = {
			isa = PBXTargetDependency;
			target = 2D49A56D24DAF26200BCA894 /* Calendar */;
			targetProxy = 2D49A59024DAF26600BCA894 /* PBXContainerItemProxy */;
		};
/* End PBXTargetDependency section */

/* Begin PBXVariantGroup section */
		2D49A57724DAF26200BCA894 /* Main.storyboard */ = {
			isa = PBXVariantGroup;
			children = (
				2D49A57824DAF26200BCA894 /* Base */,
			);
			name = Main.storyboard;
			sourceTree = "<group>";
		};
		2D49A57C24DAF26600BCA894 /* LaunchScreen.storyboard */ = {
			isa = PBXVariantGroup;
			children = (
				2D49A57D24DAF26600BCA894 /* Base */,
			);
			name = LaunchScreen.storyboard;
			sourceTree = "<group>";
		};
/* End PBXVariantGroup section */

/* Begin XCBuildConfiguration section */
		2D49A59624DAF26600BCA894 /* Debug */ = {
			isa = XCBuildConfiguration;
			buildSettings = {
				ALWAYS_SEARCH_USER_PATHS = NO;
				CLANG_ANALYZER_NONNULL = YES;
				CLANG_ANALYZER_NUMBER_OBJECT_CONVERSION = YES_AGGRESSIVE;
				CLANG_CXX_LANGUAGE_STANDARD = "gnu++14";
				CLANG_CXX_LIBRARY = "libc++";
				CLANG_ENABLE_MODULES = YES;
				CLANG_ENABLE_OBJC_ARC = YES;
				CLANG_ENABLE_OBJC_WEAK = YES;
				CLANG_WARN_BLOCK_CAPTURE_AUTORELEASING = YES;
				CLANG_WARN_BOOL_CONVERSION = YES;
				CLANG_WARN_COMMA = YES;
				CLANG_WARN_CONSTANT_CONVERSION = YES;
				CLANG_WARN_DEPRECATED_OBJC_IMPLEMENTATIONS = YES;
				CLANG_WARN_DIRECT_OBJC_ISA_USAGE = YES_ERROR;
				CLANG_WARN_DOCUMENTATION_COMMENTS = YES;
				CLANG_WARN_EMPTY_BODY = YES;
				CLANG_WARN_ENUM_CONVERSION = YES;
				CLANG_WARN_INFINITE_RECURSION = YES;
				CLANG_WARN_INT_CONVERSION = YES;
				CLANG_WARN_NON_LITERAL_NULL_CONVERSION = YES;
				CLANG_WARN_OBJC_IMPLICIT_RETAIN_SELF = YES;
				CLANG_WARN_OBJC_LITERAL_CONVERSION = YES;
				CLANG_WARN_OBJC_ROOT_CLASS = YES_ERROR;
				CLANG_WARN_RANGE_LOOP_ANALYSIS = YES;
				CLANG_WARN_STRICT_PROTOTYPES = YES;
				CLANG_WARN_SUSPICIOUS_MOVE = YES;
				CLANG_WARN_UNGUARDED_AVAILABILITY = YES_AGGRESSIVE;
				CLANG_WARN_UNREACHABLE_CODE = YES;
				CLANG_WARN__DUPLICATE_METHOD_MATCH = YES;
				COPY_PHASE_STRIP = NO;
				DEBUG_INFORMATION_FORMAT = dwarf;
				ENABLE_STRICT_OBJC_MSGSEND = YES;
				ENABLE_TESTABILITY = YES;
				GCC_C_LANGUAGE_STANDARD = gnu11;
				GCC_DYNAMIC_NO_PIC = NO;
				GCC_NO_COMMON_BLOCKS = YES;
				GCC_OPTIMIZATION_LEVEL = 0;
				GCC_PREPROCESSOR_DEFINITIONS = (
					"DEBUG=1",
					"$(inherited)",
				);
				GCC_WARN_64_TO_32_BIT_CONVERSION = YES;
				GCC_WARN_ABOUT_RETURN_TYPE = YES_ERROR;
				GCC_WARN_UNDECLARED_SELECTOR = YES;
				GCC_WARN_UNINITIALIZED_AUTOS = YES_AGGRESSIVE;
				GCC_WARN_UNUSED_FUNCTION = YES;
				GCC_WARN_UNUSED_VARIABLE = YES;
				IPHONEOS_DEPLOYMENT_TARGET = 13.6;
				MTL_ENABLE_DEBUG_INFO = INCLUDE_SOURCE;
				MTL_FAST_MATH = YES;
				ONLY_ACTIVE_ARCH = YES;
				SDKROOT = iphoneos;
				SWIFT_ACTIVE_COMPILATION_CONDITIONS = DEBUG;
				SWIFT_OPTIMIZATION_LEVEL = "-Onone";
			};
			name = Debug;
		};
		2D49A59724DAF26600BCA894 /* Release */ = {
			isa = XCBuildConfiguration;
			buildSettings = {
				ALWAYS_SEARCH_USER_PATHS = NO;
				CLANG_ANALYZER_NONNULL = YES;
				CLANG_ANALYZER_NUMBER_OBJECT_CONVERSION = YES_AGGRESSIVE;
				CLANG_CXX_LANGUAGE_STANDARD = "gnu++14";
				CLANG_CXX_LIBRARY = "libc++";
				CLANG_ENABLE_MODULES = YES;
				CLANG_ENABLE_OBJC_ARC = YES;
				CLANG_ENABLE_OBJC_WEAK = YES;
				CLANG_WARN_BLOCK_CAPTURE_AUTORELEASING = YES;
				CLANG_WARN_BOOL_CONVERSION = YES;
				CLANG_WARN_COMMA = YES;
				CLANG_WARN_CONSTANT_CONVERSION = YES;
				CLANG_WARN_DEPRECATED_OBJC_IMPLEMENTATIONS = YES;
				CLANG_WARN_DIRECT_OBJC_ISA_USAGE = YES_ERROR;
				CLANG_WARN_DOCUMENTATION_COMMENTS = YES;
				CLANG_WARN_EMPTY_BODY = YES;
				CLANG_WARN_ENUM_CONVERSION = YES;
				CLANG_WARN_INFINITE_RECURSION = YES;
				CLANG_WARN_INT_CONVERSION = YES;
				CLANG_WARN_NON_LITERAL_NULL_CONVERSION = YES;
				CLANG_WARN_OBJC_IMPLICIT_RETAIN_SELF = YES;
				CLANG_WARN_OBJC_LITERAL_CONVERSION = YES;
				CLANG_WARN_OBJC_ROOT_CLASS = YES_ERROR;
				CLANG_WARN_RANGE_LOOP_ANALYSIS = YES;
				CLANG_WARN_STRICT_PROTOTYPES = YES;
				CLANG_WARN_SUSPICIOUS_MOVE = YES;
				CLANG_WARN_UNGUARDED_AVAILABILITY = YES_AGGRESSIVE;
				CLANG_WARN_UNREACHABLE_CODE = YES;
				CLANG_WARN__DUPLICATE_METHOD_MATCH = YES;
				COPY_PHASE_STRIP = NO;
				DEBUG_INFORMATION_FORMAT = "dwarf-with-dsym";
				ENABLE_NS_ASSERTIONS = NO;
				ENABLE_STRICT_OBJC_MSGSEND = YES;
				GCC_C_LANGUAGE_STANDARD = gnu11;
				GCC_NO_COMMON_BLOCKS = YES;
				GCC_WARN_64_TO_32_BIT_CONVERSION = YES;
				GCC_WARN_ABOUT_RETURN_TYPE = YES_ERROR;
				GCC_WARN_UNDECLARED_SELECTOR = YES;
				GCC_WARN_UNINITIALIZED_AUTOS = YES_AGGRESSIVE;
				GCC_WARN_UNUSED_FUNCTION = YES;
				GCC_WARN_UNUSED_VARIABLE = YES;
				IPHONEOS_DEPLOYMENT_TARGET = 13.6;
				MTL_ENABLE_DEBUG_INFO = NO;
				MTL_FAST_MATH = YES;
				SDKROOT = iphoneos;
				SWIFT_COMPILATION_MODE = wholemodule;
				SWIFT_OPTIMIZATION_LEVEL = "-O";
				VALIDATE_PRODUCT = YES;
			};
			name = Release;
		};
		2D49A59924DAF26600BCA894 /* Debug */ = {
			isa = XCBuildConfiguration;
			baseConfigurationReference = CDB64E0964B466BDEA1177FE /* Pods-Calendar.debug.xcconfig */;
			buildSettings = {
				ASSETCATALOG_COMPILER_APPICON_NAME = AppIcon;
				CODE_SIGN_STYLE = Automatic;
				INFOPLIST_FILE = Calendar/Info.plist;
				LD_RUNPATH_SEARCH_PATHS = (
					"$(inherited)",
					"@executable_path/Frameworks",
				);
				PRODUCT_BUNDLE_IDENTIFIER = com.Calendar;
				PRODUCT_NAME = "$(TARGET_NAME)";
				SWIFT_VERSION = 5.0;
				TARGETED_DEVICE_FAMILY = "1,2";
			};
			name = Debug;
		};
		2D49A59A24DAF26600BCA894 /* Release */ = {
			isa = XCBuildConfiguration;
			baseConfigurationReference = 8640D045536AD9A4789301C0 /* Pods-Calendar.release.xcconfig */;
			buildSettings = {
				ASSETCATALOG_COMPILER_APPICON_NAME = AppIcon;
				CODE_SIGN_STYLE = Automatic;
				INFOPLIST_FILE = Calendar/Info.plist;
				LD_RUNPATH_SEARCH_PATHS = (
					"$(inherited)",
					"@executable_path/Frameworks",
				);
				PRODUCT_BUNDLE_IDENTIFIER = com.Calendar;
				PRODUCT_NAME = "$(TARGET_NAME)";
				SWIFT_VERSION = 5.0;
				TARGETED_DEVICE_FAMILY = "1,2";
			};
			name = Release;
		};
		2D49A59C24DAF26600BCA894 /* Debug */ = {
			isa = XCBuildConfiguration;
			baseConfigurationReference = 18585D0365E4CCFC8B09FDA1 /* Pods-CalendarTests.debug.xcconfig */;
			buildSettings = {
				ALWAYS_EMBED_SWIFT_STANDARD_LIBRARIES = YES;
				BUNDLE_LOADER = "$(TEST_HOST)";
				CODE_SIGN_STYLE = Automatic;
				INFOPLIST_FILE = CalendarTests/Info.plist;
				IPHONEOS_DEPLOYMENT_TARGET = 13.6;
				LD_RUNPATH_SEARCH_PATHS = (
					"$(inherited)",
					"@executable_path/Frameworks",
					"@loader_path/Frameworks",
				);
				PRODUCT_BUNDLE_IDENTIFIER = com.CalendarTests;
				PRODUCT_NAME = "$(TARGET_NAME)";
				SWIFT_VERSION = 5.0;
				TARGETED_DEVICE_FAMILY = "1,2";
				TEST_HOST = "$(BUILT_PRODUCTS_DIR)/Calendar.app/Calendar";
			};
			name = Debug;
		};
		2D49A59D24DAF26600BCA894 /* Release */ = {
			isa = XCBuildConfiguration;
			baseConfigurationReference = 2D9B4C21F0184AB0DD2FC1A6 /* Pods-CalendarTests.release.xcconfig */;
			buildSettings = {
				ALWAYS_EMBED_SWIFT_STANDARD_LIBRARIES = YES;
				BUNDLE_LOADER = "$(TEST_HOST)";
				CODE_SIGN_STYLE = Automatic;
				INFOPLIST_FILE = CalendarTests/Info.plist;
				IPHONEOS_DEPLOYMENT_TARGET = 13.6;
				LD_RUNPATH_SEARCH_PATHS = (
					"$(inherited)",
					"@executable_path/Frameworks",
					"@loader_path/Frameworks",
				);
				PRODUCT_BUNDLE_IDENTIFIER = com.CalendarTests;
				PRODUCT_NAME = "$(TARGET_NAME)";
				SWIFT_VERSION = 5.0;
				TARGETED_DEVICE_FAMILY = "1,2";
				TEST_HOST = "$(BUILT_PRODUCTS_DIR)/Calendar.app/Calendar";
			};
			name = Release;
		};
		2D49A59F24DAF26600BCA894 /* Debug */ = {
			isa = XCBuildConfiguration;
			baseConfigurationReference = F4C67018428A2766115CA8B5 /* Pods-Calendar-CalendarUITests.debug.xcconfig */;
			buildSettings = {
				ALWAYS_EMBED_SWIFT_STANDARD_LIBRARIES = YES;
				CODE_SIGN_STYLE = Automatic;
				INFOPLIST_FILE = CalendarUITests/Info.plist;
				LD_RUNPATH_SEARCH_PATHS = (
					"$(inherited)",
					"@executable_path/Frameworks",
					"@loader_path/Frameworks",
				);
				PRODUCT_BUNDLE_IDENTIFIER = com.CalendarUITests;
				PRODUCT_NAME = "$(TARGET_NAME)";
				SWIFT_VERSION = 5.0;
				TARGETED_DEVICE_FAMILY = "1,2";
				TEST_TARGET_NAME = Calendar;
			};
			name = Debug;
		};
		2D49A5A024DAF26600BCA894 /* Release */ = {
			isa = XCBuildConfiguration;
			baseConfigurationReference = 628834F0DD2B468D18CECDA1 /* Pods-Calendar-CalendarUITests.release.xcconfig */;
			buildSettings = {
				ALWAYS_EMBED_SWIFT_STANDARD_LIBRARIES = YES;
				CODE_SIGN_STYLE = Automatic;
				INFOPLIST_FILE = CalendarUITests/Info.plist;
				LD_RUNPATH_SEARCH_PATHS = (
					"$(inherited)",
					"@executable_path/Frameworks",
					"@loader_path/Frameworks",
				);
				PRODUCT_BUNDLE_IDENTIFIER = com.CalendarUITests;
				PRODUCT_NAME = "$(TARGET_NAME)";
				SWIFT_VERSION = 5.0;
				TARGETED_DEVICE_FAMILY = "1,2";
				TEST_TARGET_NAME = Calendar;
			};
			name = Release;
		};
/* End XCBuildConfiguration section */

/* Begin XCConfigurationList section */
		2D49A56924DAF26200BCA894 /* Build configuration list for PBXProject "Calendar" */ = {
			isa = XCConfigurationList;
			buildConfigurations = (
				2D49A59624DAF26600BCA894 /* Debug */,
				2D49A59724DAF26600BCA894 /* Release */,
			);
			defaultConfigurationIsVisible = 0;
			defaultConfigurationName = Release;
		};
		2D49A59824DAF26600BCA894 /* Build configuration list for PBXNativeTarget "Calendar" */ = {
			isa = XCConfigurationList;
			buildConfigurations = (
				2D49A59924DAF26600BCA894 /* Debug */,
				2D49A59A24DAF26600BCA894 /* Release */,
			);
			defaultConfigurationIsVisible = 0;
			defaultConfigurationName = Release;
		};
		2D49A59B24DAF26600BCA894 /* Build configuration list for PBXNativeTarget "CalendarTests" */ = {
			isa = XCConfigurationList;
			buildConfigurations = (
				2D49A59C24DAF26600BCA894 /* Debug */,
				2D49A59D24DAF26600BCA894 /* Release */,
			);
			defaultConfigurationIsVisible = 0;
			defaultConfigurationName = Release;
		};
		2D49A59E24DAF26600BCA894 /* Build configuration list for PBXNativeTarget "CalendarUITests" */ = {
			isa = XCConfigurationList;
			buildConfigurations = (
				2D49A59F24DAF26600BCA894 /* Debug */,
				2D49A5A024DAF26600BCA894 /* Release */,
			);
			defaultConfigurationIsVisible = 0;
			defaultConfigurationName = Release;
		};
/* End XCConfigurationList section */
	};
	rootObject = 2D49A56624DAF26200BCA894 /* Project object */;
}
